// !$*UTF8*$!
{
	archiveVersion = 1;
	classes = {
	};
	objectVersion = 46;
	objects = {

/* Begin PBXBuildFile section */
		F1969FF319810D1500850624 /* Foundation.framework in Frameworks */ = {isa = PBXBuildFile; fileRef = F1969FF219810D1500850624 /* Foundation.framework */; };
		F1969FF519810D1500850624 /* CoreGraphics.framework in Frameworks */ = {isa = PBXBuildFile; fileRef = F1969FF419810D1500850624 /* CoreGraphics.framework */; };
		F1969FF719810D1500850624 /* UIKit.framework in Frameworks */ = {isa = PBXBuildFile; fileRef = F1969FF619810D1500850624 /* UIKit.framework */; };
		F1969FFD19810D1500850624 /* InfoPlist.strings in Resources */ = {isa = PBXBuildFile; fileRef = F1969FFB19810D1500850624 /* InfoPlist.strings */; };
		F1969FFF19810D1500850624 /* main.m in Sources */ = {isa = PBXBuildFile; fileRef = F1969FFE19810D1500850624 /* main.m */; };
		F196A00319810D1500850624 /* AppDelegate.m in Sources */ = {isa = PBXBuildFile; fileRef = F196A00219810D1500850624 /* AppDelegate.m */; };
		F196A00619810D1500850624 /* Main.storyboard in Resources */ = {isa = PBXBuildFile; fileRef = F196A00419810D1500850624 /* Main.storyboard */; };
		F196A00919810D1500850624 /* MasterViewController.m in Sources */ = {isa = PBXBuildFile; fileRef = F196A00819810D1500850624 /* MasterViewController.m */; };
		F196A00C19810D1500850624 /* DetailViewController.m in Sources */ = {isa = PBXBuildFile; fileRef = F196A00B19810D1500850624 /* DetailViewController.m */; };
		F196A00E19810D1500850624 /* Images.xcassets in Resources */ = {isa = PBXBuildFile; fileRef = F196A00D19810D1500850624 /* Images.xcassets */; };
		F196A01519810D1500850624 /* XCTest.framework in Frameworks */ = {isa = PBXBuildFile; fileRef = F196A01419810D1500850624 /* XCTest.framework */; };
		F196A01619810D1500850624 /* Foundation.framework in Frameworks */ = {isa = PBXBuildFile; fileRef = F1969FF219810D1500850624 /* Foundation.framework */; };
		F196A01719810D1500850624 /* UIKit.framework in Frameworks */ = {isa = PBXBuildFile; fileRef = F1969FF619810D1500850624 /* UIKit.framework */; };
		F196A01F19810D1500850624 /* InfoPlist.strings in Resources */ = {isa = PBXBuildFile; fileRef = F196A01D19810D1500850624 /* InfoPlist.strings */; };
		F196A02119810D1500850624 /* HelloWorldTests.m in Sources */ = {isa = PBXBuildFile; fileRef = F196A02019810D1500850624 /* HelloWorldTests.m */; };
/* End PBXBuildFile section */

/* Begin PBXContainerItemProxy section */
		F196A01819810D1500850624 /* PBXContainerItemProxy */ = {
			isa = PBXContainerItemProxy;
			containerPortal = F1969FE719810D1500850624 /* Project object */;
			proxyType = 1;
			remoteGlobalIDString = F1969FEE19810D1500850624;
			remoteInfo = HelloWorld;
		};
/* End PBXContainerItemProxy section */

/* Begin PBXFileReference section */
		F1969FEF19810D1500850624 /* HelloWorld.app */ = {isa = PBXFileReference; explicitFileType = wrapper.application; includeInIndex = 0; path = HelloWorld.app; sourceTree = BUILT_PRODUCTS_DIR; };
		F1969FF219810D1500850624 /* Foundation.framework */ = {isa = PBXFileReference; lastKnownFileType = wrapper.framework; name = Foundation.framework; path = System/Library/Frameworks/Foundation.framework; sourceTree = SDKROOT; };
		F1969FF419810D1500850624 /* CoreGraphics.framework */ = {isa = PBXFileReference; lastKnownFileType = wrapper.framework; name = CoreGraphics.framework; path = System/Library/Frameworks/CoreGraphics.framework; sourceTree = SDKROOT; };
		F1969FF619810D1500850624 /* UIKit.framework */ = {isa = PBXFileReference; lastKnownFileType = wrapper.framework; name = UIKit.framework; path = System/Library/Frameworks/UIKit.framework; sourceTree = SDKROOT; };
		F1969FFA19810D1500850624 /* HelloWorld-Info.plist */ = {isa = PBXFileReference; lastKnownFileType = text.plist.xml; path = "HelloWorld-Info.plist"; sourceTree = "<group>"; };
		F1969FFC19810D1500850624 /* en */ = {isa = PBXFileReference; lastKnownFileType = text.plist.strings; name = en; path = en.lproj/InfoPlist.strings; sourceTree = "<group>"; };
		F1969FFE19810D1500850624 /* main.m */ = {isa = PBXFileReference; lastKnownFileType = sourcecode.c.objc; path = main.m; sourceTree = "<group>"; };
		F196A00019810D1500850624 /* HelloWorld-Prefix.pch */ = {isa = PBXFileReference; lastKnownFileType = sourcecode.c.h; path = "HelloWorld-Prefix.pch"; sourceTree = "<group>"; };
		F196A00119810D1500850624 /* AppDelegate.h */ = {isa = PBXFileReference; lastKnownFileType = sourcecode.c.h; path = AppDelegate.h; sourceTree = "<group>"; };
		F196A00219810D1500850624 /* AppDelegate.m */ = {isa = PBXFileReference; lastKnownFileType = sourcecode.c.objc; path = AppDelegate.m; sourceTree = "<group>"; };
		F196A00519810D1500850624 /* Base */ = {isa = PBXFileReference; lastKnownFileType = file.storyboard; name = Base; path = Base.lproj/Main.storyboard; sourceTree = "<group>"; };
		F196A00719810D1500850624 /* MasterViewController.h */ = {isa = PBXFileReference; lastKnownFileType = sourcecode.c.h; path = MasterViewController.h; sourceTree = "<group>"; };
		F196A00819810D1500850624 /* MasterViewController.m */ = {isa = PBXFileReference; lastKnownFileType = sourcecode.c.objc; path = MasterViewController.m; sourceTree = "<group>"; };
		F196A00A19810D1500850624 /* DetailViewController.h */ = {isa = PBXFileReference; lastKnownFileType = sourcecode.c.h; path = DetailViewController.h; sourceTree = "<group>"; };
		F196A00B19810D1500850624 /* DetailViewController.m */ = {isa = PBXFileReference; lastKnownFileType = sourcecode.c.objc; path = DetailViewController.m; sourceTree = "<group>"; };
		F196A00D19810D1500850624 /* Images.xcassets */ = {isa = PBXFileReference; lastKnownFileType = folder.assetcatalog; path = Images.xcassets; sourceTree = "<group>"; };
		F196A01319810D1500850624 /* HelloWorldTests.xctest */ = {isa = PBXFileReference; explicitFileType = wrapper.cfbundle; includeInIndex = 0; path = HelloWorldTests.xctest; sourceTree = BUILT_PRODUCTS_DIR; };
		F196A01419810D1500850624 /* XCTest.framework */ = {isa = PBXFileReference; lastKnownFileType = wrapper.framework; name = XCTest.framework; path = Library/Frameworks/XCTest.framework; sourceTree = DEVELOPER_DIR; };
		F196A01C19810D1500850624 /* HelloWorldTests-Info.plist */ = {isa = PBXFileReference; lastKnownFileType = text.plist.xml; path = "HelloWorldTests-Info.plist"; sourceTree = "<group>"; };
		F196A01E19810D1500850624 /* en */ = {isa = PBXFileReference; lastKnownFileType = text.plist.strings; name = en; path = en.lproj/InfoPlist.strings; sourceTree = "<group>"; };
		F196A02019810D1500850624 /* HelloWorldTests.m */ = {isa = PBXFileReference; lastKnownFileType = sourcecode.c.objc; path = HelloWorldTests.m; sourceTree = "<group>"; };
/* End PBXFileReference section */

/* Begin PBXFrameworksBuildPhase section */
		F1969FEC19810D1500850624 /* Frameworks */ = {
			isa = PBXFrameworksBuildPhase;
			buildActionMask = 2147483647;
			files = (
				F1969FF519810D1500850624 /* CoreGraphics.framework in Frameworks */,
				F1969FF719810D1500850624 /* UIKit.framework in Frameworks */,
				F1969FF319810D1500850624 /* Foundation.framework in Frameworks */,
			);
			runOnlyForDeploymentPostprocessing = 0;
		};
		F196A01019810D1500850624 /* Frameworks */ = {
			isa = PBXFrameworksBuildPhase;
			buildActionMask = 2147483647;
			files = (
				F196A01519810D1500850624 /* XCTest.framework in Frameworks */,
				F196A01719810D1500850624 /* UIKit.framework in Frameworks */,
				F196A01619810D1500850624 /* Foundation.framework in Frameworks */,
			);
			runOnlyForDeploymentPostprocessing = 0;
		};
/* End PBXFrameworksBuildPhase section */

/* Begin PBXGroup section */
		F1969FE619810D1500850624 = {
			isa = PBXGroup;
			children = (
				F1969FF819810D1500850624 /* HelloWorld */,
				F196A01A19810D1500850624 /* HelloWorldTests */,
				F1969FF119810D1500850624 /* Frameworks */,
				F1969FF019810D1500850624 /* Products */,
			);
			sourceTree = "<group>";
		};
		F1969FF019810D1500850624 /* Products */ = {
			isa = PBXGroup;
			children = (
				F1969FEF19810D1500850624 /* HelloWorld.app */,
				F196A01319810D1500850624 /* HelloWorldTests.xctest */,
			);
			name = Products;
			sourceTree = "<group>";
		};
		F1969FF119810D1500850624 /* Frameworks */ = {
			isa = PBXGroup;
			children = (
				F1969FF219810D1500850624 /* Foundation.framework */,
				F1969FF419810D1500850624 /* CoreGraphics.framework */,
				F1969FF619810D1500850624 /* UIKit.framework */,
				F196A01419810D1500850624 /* XCTest.framework */,
			);
			name = Frameworks;
			sourceTree = "<group>";
		};
		F1969FF819810D1500850624 /* HelloWorld */ = {
			isa = PBXGroup;
			children = (
				F196A00119810D1500850624 /* AppDelegate.h */,
				F196A00219810D1500850624 /* AppDelegate.m */,
				F196A00419810D1500850624 /* Main.storyboard */,
				F196A00719810D1500850624 /* MasterViewController.h */,
				F196A00819810D1500850624 /* MasterViewController.m */,
				F196A00A19810D1500850624 /* DetailViewController.h */,
				F196A00B19810D1500850624 /* DetailViewController.m */,
				F196A00D19810D1500850624 /* Images.xcassets */,
				F1969FF919810D1500850624 /* Supporting Files */,
			);
			path = HelloWorld;
			sourceTree = "<group>";
		};
		F1969FF919810D1500850624 /* Supporting Files */ = {
			isa = PBXGroup;
			children = (
				F1969FFA19810D1500850624 /* HelloWorld-Info.plist */,
				F1969FFB19810D1500850624 /* InfoPlist.strings */,
				F1969FFE19810D1500850624 /* main.m */,
				F196A00019810D1500850624 /* HelloWorld-Prefix.pch */,
			);
			name = "Supporting Files";
			sourceTree = "<group>";
		};
		F196A01A19810D1500850624 /* HelloWorldTests */ = {
			isa = PBXGroup;
			children = (
				F196A02019810D1500850624 /* HelloWorldTests.m */,
				F196A01B19810D1500850624 /* Supporting Files */,
			);
			path = HelloWorldTests;
			sourceTree = "<group>";
		};
		F196A01B19810D1500850624 /* Supporting Files */ = {
			isa = PBXGroup;
			children = (
				F196A01C19810D1500850624 /* HelloWorldTests-Info.plist */,
				F196A01D19810D1500850624 /* InfoPlist.strings */,
			);
			name = "Supporting Files";
			sourceTree = "<group>";
		};
/* End PBXGroup section */

/* Begin PBXNativeTarget section */
		F1969FEE19810D1500850624 /* HelloWorld */ = {
			isa = PBXNativeTarget;
			buildConfigurationList = F196A02419810D1500850624 /* Build configuration list for PBXNativeTarget "HelloWorld" */;
			buildPhases = (
				F1969FEB19810D1500850624 /* Sources */,
				F1969FEC19810D1500850624 /* Frameworks */,
				F1969FED19810D1500850624 /* Resources */,
			);
			buildRules = (
			);
			dependencies = (
			);
			name = HelloWorld;
			productName = HelloWorld;
			productReference = F1969FEF19810D1500850624 /* HelloWorld.app */;
			productType = "com.apple.product-type.application";
		};
		F196A01219810D1500850624 /* HelloWorldTests */ = {
			isa = PBXNativeTarget;
			buildConfigurationList = F196A02719810D1500850624 /* Build configuration list for PBXNativeTarget "HelloWorldTests" */;
			buildPhases = (
				F196A00F19810D1500850624 /* Sources */,
				F196A01019810D1500850624 /* Frameworks */,
				F196A01119810D1500850624 /* Resources */,
			);
			buildRules = (
			);
			dependencies = (
				F196A01919810D1500850624 /* PBXTargetDependency */,
			);
			name = HelloWorldTests;
			productName = HelloWorldTests;
			productReference = F196A01319810D1500850624 /* HelloWorldTests.xctest */;
			productType = "com.apple.product-type.bundle.unit-test";
		};
/* End PBXNativeTarget section */

/* Begin PBXProject section */
		F1969FE719810D1500850624 /* Project object */ = {
			isa = PBXProject;
			attributes = {
				LastUpgradeCheck = 0510;
				ORGANIZATIONNAME = "___FULLUSERNAME___";
				TargetAttributes = {
					F196A01219810D1500850624 = {
						TestTargetID = F1969FEE19810D1500850624;
					};
				};
			};
			buildConfigurationList = F1969FEA19810D1500850624 /* Build configuration list for PBXProject "HelloWorld" */;
			compatibilityVersion = "Xcode 3.2";
			developmentRegion = English;
			hasScannedForEncodings = 0;
			knownRegions = (
				en,
				Base,
			);
			mainGroup = F1969FE619810D1500850624;
			productRefGroup = F1969FF019810D1500850624 /* Products */;
			projectDirPath = "";
			projectRoot = "";
			targets = (
				F1969FEE19810D1500850624 /* HelloWorld */,
				F196A01219810D1500850624 /* HelloWorldTests */,
			);
		};
/* End PBXProject section */

/* Begin PBXResourcesBuildPhase section */
		F1969FED19810D1500850624 /* Resources */ = {
			isa = PBXResourcesBuildPhase;
			buildActionMask = 2147483647;
			files = (
				F196A00E19810D1500850624 /* Images.xcassets in Resources */,
				F1969FFD19810D1500850624 /* InfoPlist.strings in Resources */,
				F196A00619810D1500850624 /* Main.storyboard in Resources */,
			);
			runOnlyForDeploymentPostprocessing = 0;
		};
		F196A01119810D1500850624 /* Resources */ = {
			isa = PBXResourcesBuildPhase;
			buildActionMask = 2147483647;
			files = (
				F196A01F19810D1500850624 /* InfoPlist.strings in Resources */,
			);
			runOnlyForDeploymentPostprocessing = 0;
		};
/* End PBXResourcesBuildPhase section */

/* Begin PBXSourcesBuildPhase section */
		F1969FEB19810D1500850624 /* Sources */ = {
			isa = PBXSourcesBuildPhase;
			buildActionMask = 2147483647;
			files = (
				F196A00319810D1500850624 /* AppDelegate.m in Sources */,
				F196A00919810D1500850624 /* MasterViewController.m in Sources */,
				F1969FFF19810D1500850624 /* main.m in Sources */,
				F196A00C19810D1500850624 /* DetailViewController.m in Sources */,
			);
			runOnlyForDeploymentPostprocessing = 0;
		};
		F196A00F19810D1500850624 /* Sources */ = {
			isa = PBXSourcesBuildPhase;
			buildActionMask = 2147483647;
			files = (
				F196A02119810D1500850624 /* HelloWorldTests.m in Sources */,
			);
			runOnlyForDeploymentPostprocessing = 0;
		};
/* End PBXSourcesBuildPhase section */

/* Begin PBXTargetDependency section */
		F196A01919810D1500850624 /* PBXTargetDependency */ = {
			isa = PBXTargetDependency;
			target = F1969FEE19810D1500850624 /* HelloWorld */;
			targetProxy = F196A01819810D1500850624 /* PBXContainerItemProxy */;
		};
/* End PBXTargetDependency section */

/* Begin PBXVariantGroup section */
		F1969FFB19810D1500850624 /* InfoPlist.strings */ = {
			isa = PBXVariantGroup;
			children = (
				F1969FFC19810D1500850624 /* en */,
			);
			name = InfoPlist.strings;
			sourceTree = "<group>";
		};
		F196A00419810D1500850624 /* Main.storyboard */ = {
			isa = PBXVariantGroup;
			children = (
				F196A00519810D1500850624 /* Base */,
			);
			name = Main.storyboard;
			sourceTree = "<group>";
		};
		F196A01D19810D1500850624 /* InfoPlist.strings */ = {
			isa = PBXVariantGroup;
			children = (
				F196A01E19810D1500850624 /* en */,
			);
			name = InfoPlist.strings;
			sourceTree = "<group>";
		};
/* End PBXVariantGroup section */

/* Begin XCBuildConfiguration section */
		F196A02219810D1500850624 /* Debug */ = {
			isa = XCBuildConfiguration;
			buildSettings = {
				ALWAYS_SEARCH_USER_PATHS = NO;
				CLANG_CXX_LANGUAGE_STANDARD = "gnu++0x";
				CLANG_CXX_LIBRARY = "libc++";
				CLANG_ENABLE_MODULES = YES;
				CLANG_ENABLE_OBJC_ARC = YES;
				CLANG_WARN_BOOL_CONVERSION = YES;
				CLANG_WARN_CONSTANT_CONVERSION = YES;
				CLANG_WARN_DIRECT_OBJC_ISA_USAGE = YES_ERROR;
				CLANG_WARN_EMPTY_BODY = YES;
				CLANG_WARN_ENUM_CONVERSION = YES;
				CLANG_WARN_INT_CONVERSION = YES;
				CLANG_WARN_OBJC_ROOT_CLASS = YES_ERROR;
				CLANG_WARN__DUPLICATE_METHOD_MATCH = YES;
				"CODE_SIGN_IDENTITY[sdk=iphoneos*]" = "iPhone Developer";
				COPY_PHASE_STRIP = NO;
				GCC_C_LANGUAGE_STANDARD = gnu99;
				GCC_DYNAMIC_NO_PIC = NO;
				GCC_OPTIMIZATION_LEVEL = 0;
				GCC_PREPROCESSOR_DEFINITIONS = (
					"DEBUG=1",
					"$(inherited)",
				);
				GCC_SYMBOLS_PRIVATE_EXTERN = NO;
				GCC_WARN_64_TO_32_BIT_CONVERSION = YES;
				GCC_WARN_ABOUT_RETURN_TYPE = YES_ERROR;
				GCC_WARN_UNDECLARED_SELECTOR = YES;
				GCC_WARN_UNINITIALIZED_AUTOS = YES_AGGRESSIVE;
				GCC_WARN_UNUSED_FUNCTION = YES;
				GCC_WARN_UNUSED_VARIABLE = YES;
				IPHONEOS_DEPLOYMENT_TARGET = 7.1;
				ONLY_ACTIVE_ARCH = YES;
				SDKROOT = iphoneos;
			};
			name = Debug;
		};
		F196A02319810D1500850624 /* Release */ = {
			isa = XCBuildConfiguration;
			buildSettings = {
				ALWAYS_SEARCH_USER_PATHS = NO;
				CLANG_CXX_LANGUAGE_STANDARD = "gnu++0x";
				CLANG_CXX_LIBRARY = "libc++";
				CLANG_ENABLE_MODULES = YES;
				CLANG_ENABLE_OBJC_ARC = YES;
				CLANG_WARN_BOOL_CONVERSION = YES;
				CLANG_WARN_CONSTANT_CONVERSION = YES;
				CLANG_WARN_DIRECT_OBJC_ISA_USAGE = YES_ERROR;
				CLANG_WARN_EMPTY_BODY = YES;
				CLANG_WARN_ENUM_CONVERSION = YES;
				CLANG_WARN_INT_CONVERSION = YES;
				CLANG_WARN_OBJC_ROOT_CLASS = YES_ERROR;
				CLANG_WARN__DUPLICATE_METHOD_MATCH = YES;
				"CODE_SIGN_IDENTITY[sdk=iphoneos*]" = "iPhone Developer";
				COPY_PHASE_STRIP = YES;
				ENABLE_NS_ASSERTIONS = NO;
				GCC_C_LANGUAGE_STANDARD = gnu99;
				GCC_WARN_64_TO_32_BIT_CONVERSION = YES;
				GCC_WARN_ABOUT_RETURN_TYPE = YES_ERROR;
				GCC_WARN_UNDECLARED_SELECTOR = YES;
				GCC_WARN_UNINITIALIZED_AUTOS = YES_AGGRESSIVE;
				GCC_WARN_UNUSED_FUNCTION = YES;
				GCC_WARN_UNUSED_VARIABLE = YES;
				IPHONEOS_DEPLOYMENT_TARGET = 7.1;
				SDKROOT = iphoneos;
				VALIDATE_PRODUCT = YES;
			};
			name = Release;
		};
		F196A02519810D1500850624 /* Debug */ = {
			isa = XCBuildConfiguration;
			buildSettings = {
				ASSETCATALOG_COMPILER_APPICON_NAME = AppIcon;
				ASSETCATALOG_COMPILER_LAUNCHIMAGE_NAME = LaunchImage;
				GCC_PRECOMPILE_PREFIX_HEADER = YES;
				GCC_PREFIX_HEADER = "HelloWorld/HelloWorld-Prefix.pch";
				INFOPLIST_FILE = "HelloWorld/HelloWorld-Info.plist";
				PRODUCT_NAME = "$(TARGET_NAME)";
				WRAPPER_EXTENSION = app;
			};
			name = Debug;
		};
		F196A02619810D1500850624 /* Release */ = {
			isa = XCBuildConfiguration;
			buildSettings = {
				ASSETCATALOG_COMPILER_APPICON_NAME = AppIcon;
				ASSETCATALOG_COMPILER_LAUNCHIMAGE_NAME = LaunchImage;
				GCC_PRECOMPILE_PREFIX_HEADER = YES;
				GCC_PREFIX_HEADER = "HelloWorld/HelloWorld-Prefix.pch";
				INFOPLIST_FILE = "HelloWorld/HelloWorld-Info.plist";
				PRODUCT_NAME = "$(TARGET_NAME)";
				WRAPPER_EXTENSION = app;
			};
			name = Release;
		};
		F196A02819810D1500850624 /* Debug */ = {
			isa = XCBuildConfiguration;
			buildSettings = {
				BUNDLE_LOADER = "$(BUILT_PRODUCTS_DIR)/HelloWorld.app/HelloWorld";
				FRAMEWORK_SEARCH_PATHS = (
					"$(SDKROOT)/Developer/Library/Frameworks",
					"$(inherited)",
					"$(DEVELOPER_FRAMEWORKS_DIR)",
				);
				GCC_PRECOMPILE_PREFIX_HEADER = YES;
				GCC_PREFIX_HEADER = "HelloWorld/HelloWorld-Prefix.pch";
				GCC_PREPROCESSOR_DEFINITIONS = (
					"DEBUG=1",
					"$(inherited)",
				);
				INFOPLIST_FILE = "HelloWorldTests/HelloWorldTests-Info.plist";
				PRODUCT_NAME = "$(TARGET_NAME)";
				TEST_HOST = "$(BUNDLE_LOADER)";
				WRAPPER_EXTENSION = xctest;
			};
			name = Debug;
		};
		F196A02919810D1500850624 /* Release */ = {
			isa = XCBuildConfiguration;
			buildSettings = {
				BUNDLE_LOADER = "$(BUILT_PRODUCTS_DIR)/HelloWorld.app/HelloWorld";
				FRAMEWORK_SEARCH_PATHS = (
					"$(SDKROOT)/Developer/Library/Frameworks",
					"$(inherited)",
					"$(DEVELOPER_FRAMEWORKS_DIR)",
				);
				GCC_PRECOMPILE_PREFIX_HEADER = YES;
				GCC_PREFIX_HEADER = "HelloWorld/HelloWorld-Prefix.pch";
				INFOPLIST_FILE = "HelloWorldTests/HelloWorldTests-Info.plist";
				PRODUCT_NAME = "$(TARGET_NAME)";
				TEST_HOST = "$(BUNDLE_LOADER)";
				WRAPPER_EXTENSION = xctest;
			};
			name = Release;
		};
/* End XCBuildConfiguration section */

/* Begin XCConfigurationList section */
		F1969FEA19810D1500850624 /* Build configuration list for PBXProject "HelloWorld" */ = {
			isa = XCConfigurationList;
			buildConfigurations = (
				F196A02219810D1500850624 /* Debug */,
				F196A02319810D1500850624 /* Release */,
			);
			defaultConfigurationIsVisible = 0;
			defaultConfigurationName = Release;
		};
		F196A02419810D1500850624 /* Build configuration list for PBXNativeTarget "HelloWorld" */ = {
			isa = XCConfigurationList;
			buildConfigurations = (
				F196A02519810D1500850624 /* Debug */,
				F196A02619810D1500850624 /* Release */,
			);
			defaultConfigurationIsVisible = 0;
		};
		F196A02719810D1500850624 /* Build configuration list for PBXNativeTarget "HelloWorldTests" */ = {
			isa = XCConfigurationList;
			buildConfigurations = (
				F196A02819810D1500850624 /* Debug */,
				F196A02919810D1500850624 /* Release */,
			);
			defaultConfigurationIsVisible = 0;
		};
/* End XCConfigurationList section */
	};
	rootObject = F1969FE719810D1500850624 /* Project object */;
}
